
Microsoft Visual Studio Solution File, Format Version 12.00
# Visual Studio Version 17
VisualStudioVersion = 17.9.34701.34
MinimumVisualStudioVersion = 10.0.40219.1
Project("{FAE04EC0-301F-11D3-BF4B-00C04F79EFBC}") = "ConsoleApp2", "ConsoleApp2.csproj", "{2077C8B6-3C99-409E-9D3F-2035EB39BE45}"
EndProject
Global
	GlobalSection(SolutionConfigurationPlatforms) = preSolution
		Debug|Any CPU = Debug|Any CPU
		Release|Any CPU = Release|Any CPU
	EndGlobalSection
	GlobalSection(ProjectConfigurationPlatforms) = postSolution
		{2077C8B6-3C99-409E-9D3F-2035EB39BE45}.Debug|Any CPU.ActiveCfg = Debug|Any CPU
		{2077C8B6-3C99-409E-9D3F-2035EB39BE45}.Debug|Any CPU.Build.0 = Debug|Any CPU
		{2077C8B6-3C99-409E-9D3F-2035EB39BE45}.Release|Any CPU.ActiveCfg = Release|Any CPU
		{2077C8B6-3C99-409E-9D3F-2035EB39BE45}.Release|Any CPU.Build.0 = Release|Any CPU
	EndGlobalSection
	GlobalSection(SolutionProperties) = preSolution
		HideSolutionNode = FALSE
	EndGlobalSection
	GlobalSection(ExtensibilityGlobals) = postSolution
		SolutionGuid = {D0BB11B9-9318-4F48-AA61-8B31671443C5}
	EndGlobalSection
EndGlobal
