
Microsoft Visual Studio Solution File, Format Version 12.00
# Visual Studio Version 17
VisualStudioVersion = 17.9.34701.34
MinimumVisualStudioVersion = 10.0.40219.1
Project("{FAE04EC0-301F-11D3-BF4B-00C04F79EFBC}") = "ConsoleApp3", "ConsoleApp3.csproj", "{AF9FD4C4-DE83-45E7-B642-BFE27F1648AD}"
EndProject
Global
	GlobalSection(SolutionConfigurationPlatforms) = preSolution
		Debug|Any CPU = Debug|Any CPU
		Release|Any CPU = Release|Any CPU
	EndGlobalSection
	GlobalSection(ProjectConfigurationPlatforms) = postSolution
		{AF9FD4C4-DE83-45E7-B642-BFE27F1648AD}.Debug|Any CPU.ActiveCfg = Debug|Any CPU
		{AF9FD4C4-DE83-45E7-B642-BFE27F1648AD}.Debug|Any CPU.Build.0 = Debug|Any CPU
		{AF9FD4C4-DE83-45E7-B642-BFE27F1648AD}.Release|Any CPU.ActiveCfg = Release|Any CPU
		{AF9FD4C4-DE83-45E7-B642-BFE27F1648AD}.Release|Any CPU.Build.0 = Release|Any CPU
	EndGlobalSection
	GlobalSection(SolutionProperties) = preSolution
		HideSolutionNode = FALSE
	EndGlobalSection
	GlobalSection(ExtensibilityGlobals) = postSolution
		SolutionGuid = {974B9E06-7B5E-47E8-97CA-EAC45A025632}
	EndGlobalSection
EndGlobal
