
Microsoft Visual Studio Solution File, Format Version 12.00
# Visual Studio Version 17
VisualStudioVersion = 17.9.34701.34
MinimumVisualStudioVersion = 10.0.40219.1
Project("{FAE04EC0-301F-11D3-BF4B-00C04F79EFBC}") = "ConsoleApp10", "ConsoleApp10.csproj", "{31BC6C5A-1BDE-4A93-96AE-AF08D9548326}"
EndProject
Global
	GlobalSection(SolutionConfigurationPlatforms) = preSolution
		Debug|Any CPU = Debug|Any CPU
		Release|Any CPU = Release|Any CPU
	EndGlobalSection
	GlobalSection(ProjectConfigurationPlatforms) = postSolution
		{31BC6C5A-1BDE-4A93-96AE-AF08D9548326}.Debug|Any CPU.ActiveCfg = Debug|Any CPU
		{31BC6C5A-1BDE-4A93-96AE-AF08D9548326}.Debug|Any CPU.Build.0 = Debug|Any CPU
		{31BC6C5A-1BDE-4A93-96AE-AF08D9548326}.Release|Any CPU.ActiveCfg = Release|Any CPU
		{31BC6C5A-1BDE-4A93-96AE-AF08D9548326}.Release|Any CPU.Build.0 = Release|Any CPU
	EndGlobalSection
	GlobalSection(SolutionProperties) = preSolution
		HideSolutionNode = FALSE
	EndGlobalSection
	GlobalSection(ExtensibilityGlobals) = postSolution
		SolutionGuid = {AE6D3238-B981-4130-8FA3-2302B24AA6CD}
	EndGlobalSection
EndGlobal
