
Microsoft Visual Studio Solution File, Format Version 12.00
# Visual Studio Version 17
VisualStudioVersion = 17.9.34701.34
MinimumVisualStudioVersion = 10.0.40219.1
Project("{FAE04EC0-301F-11D3-BF4B-00C04F79EFBC}") = "FinalLibrary", "FinalLibrary.csproj", "{D5B525D6-DF21-486F-964B-28D7E26D8ACE}"
EndProject
Global
	GlobalSection(SolutionConfigurationPlatforms) = preSolution
		Debug|Any CPU = Debug|Any CPU
		Release|Any CPU = Release|Any CPU
	EndGlobalSection
	GlobalSection(ProjectConfigurationPlatforms) = postSolution
		{D5B525D6-DF21-486F-964B-28D7E26D8ACE}.Debug|Any CPU.ActiveCfg = Debug|Any CPU
		{D5B525D6-DF21-486F-964B-28D7E26D8ACE}.Debug|Any CPU.Build.0 = Debug|Any CPU
		{D5B525D6-DF21-486F-964B-28D7E26D8ACE}.Release|Any CPU.ActiveCfg = Release|Any CPU
		{D5B525D6-DF21-486F-964B-28D7E26D8ACE}.Release|Any CPU.Build.0 = Release|Any CPU
	EndGlobalSection
	GlobalSection(SolutionProperties) = preSolution
		HideSolutionNode = FALSE
	EndGlobalSection
	GlobalSection(ExtensibilityGlobals) = postSolution
		SolutionGuid = {8C3EB32C-288F-4C74-B30B-B6AD377514C5}
	EndGlobalSection
EndGlobal
