
Microsoft Visual Studio Solution File, Format Version 12.00
# Visual Studio Version 17
VisualStudioVersion = 17.9.34701.34
MinimumVisualStudioVersion = 10.0.40219.1
Project("{FAE04EC0-301F-11D3-BF4B-00C04F79EFBC}") = "NewBankingSystem", "NewBankingSystem.csproj", "{9846FF92-6307-4B22-AEE0-69FA6D2FBB2D}"
EndProject
Global
	GlobalSection(SolutionConfigurationPlatforms) = preSolution
		Debug|Any CPU = Debug|Any CPU
		Release|Any CPU = Release|Any CPU
	EndGlobalSection
	GlobalSection(ProjectConfigurationPlatforms) = postSolution
		{9846FF92-6307-4B22-AEE0-69FA6D2FBB2D}.Debug|Any CPU.ActiveCfg = Debug|Any CPU
		{9846FF92-6307-4B22-AEE0-69FA6D2FBB2D}.Debug|Any CPU.Build.0 = Debug|Any CPU
		{9846FF92-6307-4B22-AEE0-69FA6D2FBB2D}.Release|Any CPU.ActiveCfg = Release|Any CPU
		{9846FF92-6307-4B22-AEE0-69FA6D2FBB2D}.Release|Any CPU.Build.0 = Release|Any CPU
	EndGlobalSection
	GlobalSection(SolutionProperties) = preSolution
		HideSolutionNode = FALSE
	EndGlobalSection
	GlobalSection(ExtensibilityGlobals) = postSolution
		SolutionGuid = {9ABAD757-7B6E-4499-B327-AD25BDFB0247}
	EndGlobalSection
EndGlobal
