
Microsoft Visual Studio Solution File, Format Version 12.00
# Visual Studio Version 17
VisualStudioVersion = 17.9.34701.34
MinimumVisualStudioVersion = 10.0.40219.1
Project("{FAE04EC0-301F-11D3-BF4B-00C04F79EFBC}") = "ConsoleApp14", "ConsoleApp14.csproj", "{F788C243-C4ED-41BC-A619-554C90F44D1F}"
EndProject
Global
	GlobalSection(SolutionConfigurationPlatforms) = preSolution
		Debug|Any CPU = Debug|Any CPU
		Release|Any CPU = Release|Any CPU
	EndGlobalSection
	GlobalSection(ProjectConfigurationPlatforms) = postSolution
		{F788C243-C4ED-41BC-A619-554C90F44D1F}.Debug|Any CPU.ActiveCfg = Debug|Any CPU
		{F788C243-C4ED-41BC-A619-554C90F44D1F}.Debug|Any CPU.Build.0 = Debug|Any CPU
		{F788C243-C4ED-41BC-A619-554C90F44D1F}.Release|Any CPU.ActiveCfg = Release|Any CPU
		{F788C243-C4ED-41BC-A619-554C90F44D1F}.Release|Any CPU.Build.0 = Release|Any CPU
	EndGlobalSection
	GlobalSection(SolutionProperties) = preSolution
		HideSolutionNode = FALSE
	EndGlobalSection
	GlobalSection(ExtensibilityGlobals) = postSolution
		SolutionGuid = {C67FAFD2-A1BA-4114-92E7-F7143B5D09BF}
	EndGlobalSection
EndGlobal
